# This file was autogenerated by uv via the following command:
#    uv pip compile constraints/mutation.in --universal --generate-hashes --no-emit-package pip --output-file constraints/mutation.lock
click==8.4.2 \
    --hash=sha256:9a6cea6e60b17ebe0a44c5cc636d94f09bd66142c1cd7d8b4cd731c4917a15f6 \
    --hash=sha256:e6f9f66136c816745b9d65817da91d61d957fb16e02e4dcd0552553c5a197b76
    # via mutmut
colorama==0.4.6 ; sys_platform == 'win32' \
    --hash=sha256:08695f5cb7ed6e0531a20572697297273c47b8cae5a63ffc6d6ed5c201be6e44 \
    --hash=sha256:4f1d9991f5acc0ca119f9d443620b77f9d6b33703e51011c16baf57afb285fc6
    # via click
glob2==0.7 \
    --hash=sha256:85c3dbd07c8aa26d63d7aacee34fa86e9a91a3873bc30bf62ec46e531f92ab8c
    # via mutmut
junit-xml==1.9 \
    --hash=sha256:de16a051990d4e25a3982b2dd9e89d671067548718866416faec14d9de56db9f \
    --hash=sha256:ec5ca1a55aefdd76d28fcc0b135251d156c7106fa979686a4b48d62b761b4732
    # via mutmut
mutmut==2.5.1 \
    --hash=sha256:d8fea2538805277f6290922e88881ad045002fc284d5a53c2b3915298b77f79d
    # via -r constraints/mutation.in
parso==0.8.7 \
    --hash=sha256:a8926eb2a1b915486941fdbd31e86a4baf88fe8c210f25f2f35ecec5b574ca1c \
    --hash=sha256:eaaac4c9fdd5e9e8852dc778d2d7405897ec510f2a298071453e5e3a07914bb1
    # via mutmut
pony==0.7.19 \
    --hash=sha256:5112b4cf40d3f24e93ae66dc5ab7dc6813388efa870e750928d60dc699873cf5 \
    --hash=sha256:f7f83b2981893e49f7f18e8def52ad8fa8f8e6c5f9583b9aaed62d4d85036a0f
    # via mutmut
six==1.17.0 \
    --hash=sha256:4721f391ed90541fddacab5acf947aa0d3dc7d27b2e1e8eda2be8970586c3274 \
    --hash=sha256:ff70335d468e7eb6ec65b95b99d3a2836546063f63acc5171de367e834932a81
    # via junit-xml
toml==0.10.2 \
    --hash=sha256:806143ae5bfb6a3c6e736a764057db0e6a0e05e338b5630894a5f779cabb4f9b \
    --hash=sha256:b3bda1d108d5dd99f4a20d24d9c348e91c4db7ab1b749200bded2f839ccbe68f
    # via mutmut
