# This file was autogenerated by uv via the following command:
#    uv pip compile constraints/uv.in --universal --generate-hashes --no-emit-package pip --output-file constraints/uv-bootstrap.lock
uv==0.11.20 \
    --hash=sha256:14026b64ccbe0174e4fcf107f585f5d23f0f5b9f5b3e8b28394fe63fff3e60ff \
    --hash=sha256:2d307d47b1a0cf8f76aa69bde850be407bca9482c13cff066142e586a5c57e77 \
    --hash=sha256:32893ee9f94657fbf89e22638ac88850db4529d454f102bfa7ceea5fc9fe8d77 \
    --hash=sha256:37ca61eddb940d1c698fce46d63789adfda3033344dabab0e18e2958e1a69771 \
    --hash=sha256:3d00754be09a381030829526f7ff47c06d0e28ca90760c4439be48e71c1bf13a \
    --hash=sha256:442ae26f47bf6e58b072e99dbfd6d5296ab90308574b2c02adff1dace051008d \
    --hash=sha256:4836044213bb23a3be1f5550db340d3a19babe1dfc3ca1313544e8b614085ce9 \
    --hash=sha256:61588768f04a24b0b4d87b43f03b4521ba66d5eec3ab1aca37cb59b1d52337db \
    --hash=sha256:73dcaf5543d1b24e4c6fa4c19af033ed015304171c132670ebe9ef01ddec3d17 \
    --hash=sha256:8fe143572a1f02d536c4e9c6994f0c89d9fa58ff6e5d91de55f61660658c694b \
    --hash=sha256:a246f30931cbc93d0a39d0cfc75be045fddd45773a734ddf8afa869aabc46c63 \
    --hash=sha256:bb5839cbb68d7469925fe1599dacd16cefdb7698a7adeaf9c8e4d8a7cd4122bf \
    --hash=sha256:c9f2062096e146b351fd5da3cd43e15a5c43bfa37166c509d884dab3dbb72f03 \
    --hash=sha256:cac8ca5d187dc5040b1c22c83f6ed789195c3fc06b6a5a2b32c747c603f07820 \
    --hash=sha256:daa41b97386699212b2266a80c178140c5396e3c444ff5553f68f79812334e41 \
    --hash=sha256:edb59d33e602fc462b6ed8fde66d404445294de41ad4de31039f7a2c41153601 \
    --hash=sha256:efefbd491ba443b326fdd344d7efc89c1de8a006cab5bc639a4d5ce9d1dd1ab9 \
    --hash=sha256:f3bacc52778775cef671867ddab744b50c4183bc3cd6419a5fb4eb01a02f9526 \
    --hash=sha256:f867fd0807e39653fd101e16f2292ff488de14b5ffbb86a5678a87a27aa58ea0
    # via -r constraints/uv.in
